
Microsoft Visual Studio Solution File, Format Version 12.00
# Visual Studio Version 16
VisualStudioVersion = 16.0.30204.135
MinimumVisualStudioVersion = 10.0.40219.1
Project("{9A19103F-16F7-4668-BE54-9A1E7A4F7556}") = "MicroservicesSample.Common", "MicroservicesSample.Common\MicroservicesSample.Common.csproj", "{2070BC90-A2FB-49B5-AD73-84E55F3D0857}"
EndProject
Project("{9A19103F-16F7-4668-BE54-9A1E7A4F7556}") = "MicroservicesSample.Identity.Core", "Identity\MicroservicesSample.Identity.Core\MicroservicesSample.Identity.Core.csproj", "{F4B5F355-C620-4666-9348-EB98066B993B}"
EndProject
Project("{2150E333-8FDC-42A3-9474-1A3956D46DE8}") = "Identity", "Identity", "{CE96D9FD-BB98-4593-AB54-2180F5590BF6}"
EndProject
Project("{9A19103F-16F7-4668-BE54-9A1E7A4F7556}") = "MicroservicesSample.Identity.Api", "Identity\MicroservicesSample.Identity.Api\MicroservicesSample.Identity.Api.csproj", "{256476A9-9452-4ADE-B297-FE9012A6EC09}"
EndProject
Project("{9A19103F-16F7-4668-BE54-9A1E7A4F7556}") = "MicroservicesSample.Identity.Application", "Identity\MicroservicesSample.Identity.Application\MicroservicesSample.Identity.Application.csproj", "{02D2A16D-AD95-4734-8DC5-71442F66E2FC}"
EndProject
Project("{9A19103F-16F7-4668-BE54-9A1E7A4F7556}") = "MicroservicesSample.Identity.Infrastructure", "Identity\MicroservicesSample.Identity.Infrastructure\MicroservicesSample.Identity.Infrastructure.csproj", "{1FD5F33A-B991-4F5F-A8F2-0CF60235F91E}"
EndProject
Project("{2150E333-8FDC-42A3-9474-1A3956D46DE8}") = "Gateway", "Gateway", "{0F131E9A-0A09-44AD-B426-2A238D1D20EF}"
EndProject
Project("{9A19103F-16F7-4668-BE54-9A1E7A4F7556}") = "MicroservicesSample.ApiGateway", "Gateway\MicroservicesSample.ApiGateway\MicroservicesSample.ApiGateway.csproj", "{BC4C2C92-5BC4-43CD-BE12-80FB4888D580}"
EndProject
Project("{9A19103F-16F7-4668-BE54-9A1E7A4F7556}") = "MicroservicesSample.Identity.Dto", "Identity\MicroservicesSample.Identity.Dto\MicroservicesSample.Identity.Dto.csproj", "{E41543F6-08CD-4351-9FCB-DDB7EDDCF19C}"
EndProject
Project("{2150E333-8FDC-42A3-9474-1A3956D46DE8}") = "Notebooks", "Notebooks", "{25DFB85A-21DB-4891-B58C-7C120066B699}"
EndProject
Project("{9A19103F-16F7-4668-BE54-9A1E7A4F7556}") = "MicroservicesSample.Notebooks.Api", "Notebooks\MicroservicesSample.Messages.Api\MicroservicesSample.Notebooks.Api.csproj", "{9BE2E59C-C62F-4C17-9EEA-28875644978B}"
EndProject
Project("{9A19103F-16F7-4668-BE54-9A1E7A4F7556}") = "MicroservicesSample.Notebooks.Dto", "Notebooks\MicroservicesSample.Messages.Dto\MicroservicesSample.Notebooks.Dto.csproj", "{33936D0C-6A0D-4C3B-9678-17EE55100571}"
EndProject
Project("{FAE04EC0-301F-11D3-BF4B-00C04F79EFBC}") = "MicroservicesSample.OcelotGateway", "MicroservicesSample.OcelotGateway\MicroservicesSample.OcelotGateway\MicroservicesSample.OcelotGateway.csproj", "{B1D92CDB-7CAC-4577-A7ED-2CED2BBCB41C}"
EndProject
Global
	GlobalSection(SolutionConfigurationPlatforms) = preSolution
		Debug|Any CPU = Debug|Any CPU
		Release|Any CPU = Release|Any CPU
	EndGlobalSection
	GlobalSection(ProjectConfigurationPlatforms) = postSolution
		{2070BC90-A2FB-49B5-AD73-84E55F3D0857}.Debug|Any CPU.ActiveCfg = Debug|Any CPU
		{2070BC90-A2FB-49B5-AD73-84E55F3D0857}.Debug|Any CPU.Build.0 = Debug|Any CPU
		{2070BC90-A2FB-49B5-AD73-84E55F3D0857}.Release|Any CPU.ActiveCfg = Release|Any CPU
		{2070BC90-A2FB-49B5-AD73-84E55F3D0857}.Release|Any CPU.Build.0 = Release|Any CPU
		{F4B5F355-C620-4666-9348-EB98066B993B}.Debug|Any CPU.ActiveCfg = Debug|Any CPU
		{F4B5F355-C620-4666-9348-EB98066B993B}.Debug|Any CPU.Build.0 = Debug|Any CPU
		{F4B5F355-C620-4666-9348-EB98066B993B}.Release|Any CPU.ActiveCfg = Release|Any CPU
		{F4B5F355-C620-4666-9348-EB98066B993B}.Release|Any CPU.Build.0 = Release|Any CPU
		{256476A9-9452-4ADE-B297-FE9012A6EC09}.Debug|Any CPU.ActiveCfg = Debug|Any CPU
		{256476A9-9452-4ADE-B297-FE9012A6EC09}.Debug|Any CPU.Build.0 = Debug|Any CPU
		{256476A9-9452-4ADE-B297-FE9012A6EC09}.Release|Any CPU.ActiveCfg = Release|Any CPU
		{256476A9-9452-4ADE-B297-FE9012A6EC09}.Release|Any CPU.Build.0 = Release|Any CPU
		{02D2A16D-AD95-4734-8DC5-71442F66E2FC}.Debug|Any CPU.ActiveCfg = Debug|Any CPU
		{02D2A16D-AD95-4734-8DC5-71442F66E2FC}.Debug|Any CPU.Build.0 = Debug|Any CPU
		{02D2A16D-AD95-4734-8DC5-71442F66E2FC}.Release|Any CPU.ActiveCfg = Release|Any CPU
		{02D2A16D-AD95-4734-8DC5-71442F66E2FC}.Release|Any CPU.Build.0 = Release|Any CPU
		{1FD5F33A-B991-4F5F-A8F2-0CF60235F91E}.Debug|Any CPU.ActiveCfg = Debug|Any CPU
		{1FD5F33A-B991-4F5F-A8F2-0CF60235F91E}.Debug|Any CPU.Build.0 = Debug|Any CPU
		{1FD5F33A-B991-4F5F-A8F2-0CF60235F91E}.Release|Any CPU.ActiveCfg = Release|Any CPU
		{1FD5F33A-B991-4F5F-A8F2-0CF60235F91E}.Release|Any CPU.Build.0 = Release|Any CPU
		{BC4C2C92-5BC4-43CD-BE12-80FB4888D580}.Debug|Any CPU.ActiveCfg = Debug|Any CPU
		{BC4C2C92-5BC4-43CD-BE12-80FB4888D580}.Debug|Any CPU.Build.0 = Debug|Any CPU
		{BC4C2C92-5BC4-43CD-BE12-80FB4888D580}.Release|Any CPU.ActiveCfg = Release|Any CPU
		{BC4C2C92-5BC4-43CD-BE12-80FB4888D580}.Release|Any CPU.Build.0 = Release|Any CPU
		{E41543F6-08CD-4351-9FCB-DDB7EDDCF19C}.Debug|Any CPU.ActiveCfg = Debug|Any CPU
		{E41543F6-08CD-4351-9FCB-DDB7EDDCF19C}.Debug|Any CPU.Build.0 = Debug|Any CPU
		{E41543F6-08CD-4351-9FCB-DDB7EDDCF19C}.Release|Any CPU.ActiveCfg = Release|Any CPU
		{E41543F6-08CD-4351-9FCB-DDB7EDDCF19C}.Release|Any CPU.Build.0 = Release|Any CPU
		{9BE2E59C-C62F-4C17-9EEA-28875644978B}.Debug|Any CPU.ActiveCfg = Debug|Any CPU
		{9BE2E59C-C62F-4C17-9EEA-28875644978B}.Debug|Any CPU.Build.0 = Debug|Any CPU
		{9BE2E59C-C62F-4C17-9EEA-28875644978B}.Release|Any CPU.ActiveCfg = Release|Any CPU
		{9BE2E59C-C62F-4C17-9EEA-28875644978B}.Release|Any CPU.Build.0 = Release|Any CPU
		{33936D0C-6A0D-4C3B-9678-17EE55100571}.Debug|Any CPU.ActiveCfg = Debug|Any CPU
		{33936D0C-6A0D-4C3B-9678-17EE55100571}.Debug|Any CPU.Build.0 = Debug|Any CPU
		{33936D0C-6A0D-4C3B-9678-17EE55100571}.Release|Any CPU.ActiveCfg = Release|Any CPU
		{33936D0C-6A0D-4C3B-9678-17EE55100571}.Release|Any CPU.Build.0 = Release|Any CPU
		{B1D92CDB-7CAC-4577-A7ED-2CED2BBCB41C}.Debug|Any CPU.ActiveCfg = Debug|Any CPU
		{B1D92CDB-7CAC-4577-A7ED-2CED2BBCB41C}.Debug|Any CPU.Build.0 = Debug|Any CPU
		{B1D92CDB-7CAC-4577-A7ED-2CED2BBCB41C}.Release|Any CPU.ActiveCfg = Release|Any CPU
		{B1D92CDB-7CAC-4577-A7ED-2CED2BBCB41C}.Release|Any CPU.Build.0 = Release|Any CPU
	EndGlobalSection
	GlobalSection(SolutionProperties) = preSolution
		HideSolutionNode = FALSE
	EndGlobalSection
	GlobalSection(NestedProjects) = preSolution
		{F4B5F355-C620-4666-9348-EB98066B993B} = {CE96D9FD-BB98-4593-AB54-2180F5590BF6}
		{256476A9-9452-4ADE-B297-FE9012A6EC09} = {CE96D9FD-BB98-4593-AB54-2180F5590BF6}
		{02D2A16D-AD95-4734-8DC5-71442F66E2FC} = {CE96D9FD-BB98-4593-AB54-2180F5590BF6}
		{1FD5F33A-B991-4F5F-A8F2-0CF60235F91E} = {CE96D9FD-BB98-4593-AB54-2180F5590BF6}
		{BC4C2C92-5BC4-43CD-BE12-80FB4888D580} = {0F131E9A-0A09-44AD-B426-2A238D1D20EF}
		{E41543F6-08CD-4351-9FCB-DDB7EDDCF19C} = {CE96D9FD-BB98-4593-AB54-2180F5590BF6}
		{9BE2E59C-C62F-4C17-9EEA-28875644978B} = {25DFB85A-21DB-4891-B58C-7C120066B699}
		{33936D0C-6A0D-4C3B-9678-17EE55100571} = {25DFB85A-21DB-4891-B58C-7C120066B699}
	EndGlobalSection
	GlobalSection(ExtensibilityGlobals) = postSolution
		SolutionGuid = {C9D90B83-DFB7-4704-B16D-741F240F1E48}
	EndGlobalSection
EndGlobal
